
Microsoft Visual Studio Solution File, Format Version 12.00
# Visual Studio Version 17
VisualStudioVersion = 17.10.34928.147
MinimumVisualStudioVersion = 10.0.40219.1
Project("{9A19103F-16F7-4668-BE54-9A1E7A4F7556}") = "ContactManager", "Contact Manager\ContactManager.csproj", "{A5BE5658-DD11-40F9-BF26-C38B32491BC2}"
EndProject
Project("{9A19103F-16F7-4668-BE54-9A1E7A4F7556}") = "Contact-Manger-test", "Contact-Manger-test\Contact-Manger-test.csproj", "{6B3BCE40-ACCD-4AF9-B2C4-AD2609B667E1}"
EndProject
Global
	GlobalSection(SolutionConfigurationPlatforms) = preSolution
		Debug|Any CPU = Debug|Any CPU
		Release|Any CPU = Release|Any CPU
	EndGlobalSection
	GlobalSection(ProjectConfigurationPlatforms) = postSolution
		{A5BE5658-DD11-40F9-BF26-C38B32491BC2}.Debug|Any CPU.ActiveCfg = Debug|Any CPU
		{A5BE5658-DD11-40F9-BF26-C38B32491BC2}.Debug|Any CPU.Build.0 = Debug|Any CPU
		{A5BE5658-DD11-40F9-BF26-C38B32491BC2}.Release|Any CPU.ActiveCfg = Release|Any CPU
		{A5BE5658-DD11-40F9-BF26-C38B32491BC2}.Release|Any CPU.Build.0 = Release|Any CPU
		{6B3BCE40-ACCD-4AF9-B2C4-AD2609B667E1}.Debug|Any CPU.ActiveCfg = Debug|Any CPU
		{6B3BCE40-ACCD-4AF9-B2C4-AD2609B667E1}.Debug|Any CPU.Build.0 = Debug|Any CPU
		{6B3BCE40-ACCD-4AF9-B2C4-AD2609B667E1}.Release|Any CPU.ActiveCfg = Release|Any CPU
		{6B3BCE40-ACCD-4AF9-B2C4-AD2609B667E1}.Release|Any CPU.Build.0 = Release|Any CPU
	EndGlobalSection
	GlobalSection(SolutionProperties) = preSolution
		HideSolutionNode = FALSE
	EndGlobalSection
	GlobalSection(ExtensibilityGlobals) = postSolution
		SolutionGuid = {53E6E37B-BEA1-4F33-AD8A-8C4CA9D4EC24}
	EndGlobalSection
EndGlobal
